
Microsoft Visual Studio Solution File, Format Version 12.00
# Visual Studio Version 17
VisualStudioVersion = 17.10.35122.118
MinimumVisualStudioVersion = 10.0.40219.1
Project("{FAE04EC0-301F-11D3-BF4B-00C04F79EFBC}") = "Seminario Proyecto II", "Seminario Proyecto II\Seminario Proyecto II.csproj", "{2401BE45-D77B-4340-972E-6278A8CF74D4}"
EndProject
Global
	GlobalSection(SolutionConfigurationPlatforms) = preSolution
		Debug|Any CPU = Debug|Any CPU
		Release|Any CPU = Release|Any CPU
	EndGlobalSection
	GlobalSection(ProjectConfigurationPlatforms) = postSolution
		{2401BE45-D77B-4340-972E-6278A8CF74D4}.Debug|Any CPU.ActiveCfg = Debug|Any CPU
		{2401BE45-D77B-4340-972E-6278A8CF74D4}.Debug|Any CPU.Build.0 = Debug|Any CPU
		{2401BE45-D77B-4340-972E-6278A8CF74D4}.Release|Any CPU.ActiveCfg = Release|Any CPU
		{2401BE45-D77B-4340-972E-6278A8CF74D4}.Release|Any CPU.Build.0 = Release|Any CPU
	EndGlobalSection
	GlobalSection(SolutionProperties) = preSolution
		HideSolutionNode = FALSE
	EndGlobalSection
	GlobalSection(ExtensibilityGlobals) = postSolution
		SolutionGuid = {2C875A00-93D2-4E40-BEB3-54F884FD11F3}
	EndGlobalSection
EndGlobal
